// !$*UTF8*$!
{
	archiveVersion = 1;
	classes = {
	};
	objectVersion = 50;
	objects = {

/* Begin PBXBuildFile section */
		DA1AED87243543A2003A8C0B /* covid19stats WatchKit App.app in Embed Watch Content */ = {isa = PBXBuildFile; fileRef = DA1AED86243543A2003A8C0B /* covid19stats WatchKit App.app */; settings = {ATTRIBUTES = (RemoveHeadersOnCopy, ); }; };
		DA1AED8D243543A2003A8C0B /* Interface.storyboard in Resources */ = {isa = PBXBuildFile; fileRef = DA1AED8B243543A2003A8C0B /* Interface.storyboard */; };
		DA1AED8F243543A5003A8C0B /* Assets.xcassets in Resources */ = {isa = PBXBuildFile; fileRef = DA1AED8E243543A5003A8C0B /* Assets.xcassets */; };
		DA1AED96243543A5003A8C0B /* covid19stats WatchKit Extension.appex in Embed App Extensions */ = {isa = PBXBuildFile; fileRef = DA1AED95243543A5003A8C0B /* covid19stats WatchKit Extension.appex */; settings = {ATTRIBUTES = (RemoveHeadersOnCopy, ); }; };
		DA1AED9B243543A5003A8C0B /* CountriesListView.swift in Sources */ = {isa = PBXBuildFile; fileRef = DA1AED9A243543A5003A8C0B /* CountriesListView.swift */; };
		DA1AED9D243543A5003A8C0B /* HostingController.swift in Sources */ = {isa = PBXBuildFile; fileRef = DA1AED9C243543A5003A8C0B /* HostingController.swift */; };
		DA1AED9F243543A5003A8C0B /* ExtensionDelegate.swift in Sources */ = {isa = PBXBuildFile; fileRef = DA1AED9E243543A5003A8C0B /* ExtensionDelegate.swift */; };
		DA1AEDA1243543A5003A8C0B /* ComplicationController.swift in Sources */ = {isa = PBXBuildFile; fileRef = DA1AEDA0243543A5003A8C0B /* ComplicationController.swift */; };
		DA1AEDA3243543A5003A8C0B /* Assets.xcassets in Resources */ = {isa = PBXBuildFile; fileRef = DA1AEDA2243543A5003A8C0B /* Assets.xcassets */; };
		DA1AEDA6243543A5003A8C0B /* Preview Assets.xcassets in Resources */ = {isa = PBXBuildFile; fileRef = DA1AEDA5243543A5003A8C0B /* Preview Assets.xcassets */; };
		DA1AEDB8243696D1003A8C0B /* CountriesController.swift in Sources */ = {isa = PBXBuildFile; fileRef = DA1AEDB7243696D1003A8C0B /* CountriesController.swift */; };
		DA1AEDBA24369731003A8C0B /* Country.swift in Sources */ = {isa = PBXBuildFile; fileRef = DA1AEDB924369731003A8C0B /* Country.swift */; };
		DAE5645C2438290C00AE7345 /* AddCountrySheet.swift in Sources */ = {isa = PBXBuildFile; fileRef = DAE5645B2438290C00AE7345 /* AddCountrySheet.swift */; };
		DAE5645E2438293B00AE7345 /* CountryDetailView.swift in Sources */ = {isa = PBXBuildFile; fileRef = DAE5645D2438293B00AE7345 /* CountryDetailView.swift */; };
/* End PBXBuildFile section */

/* Begin PBXContainerItemProxy section */
		DA1AED88243543A2003A8C0B /* PBXContainerItemProxy */ = {
			isa = PBXContainerItemProxy;
			containerPortal = DA1AED7C243543A2003A8C0B /* Project object */;
			proxyType = 1;
			remoteGlobalIDString = DA1AED85243543A2003A8C0B;
			remoteInfo = "covid19stats WatchKit App";
		};
		DA1AED97243543A5003A8C0B /* PBXContainerItemProxy */ = {
			isa = PBXContainerItemProxy;
			containerPortal = DA1AED7C243543A2003A8C0B /* Project object */;
			proxyType = 1;
			remoteGlobalIDString = DA1AED94243543A5003A8C0B;
			remoteInfo = "covid19stats WatchKit Extension";
		};
/* End PBXContainerItemProxy section */

/* Begin PBXCopyFilesBuildPhase section */
		DA1AEDAD243543A5003A8C0B /* Embed App Extensions */ = {
			isa = PBXCopyFilesBuildPhase;
			buildActionMask = 2147483647;
			dstPath = "";
			dstSubfolderSpec = 13;
			files = (
				DA1AED96243543A5003A8C0B /* covid19stats WatchKit Extension.appex in Embed App Extensions */,
			);
			name = "Embed App Extensions";
			runOnlyForDeploymentPostprocessing = 0;
		};
		DA1AEDB1243543A5003A8C0B /* Embed Watch Content */ = {
			isa = PBXCopyFilesBuildPhase;
			buildActionMask = 2147483647;
			dstPath = "$(CONTENTS_FOLDER_PATH)/Watch";
			dstSubfolderSpec = 16;
			files = (
				DA1AED87243543A2003A8C0B /* covid19stats WatchKit App.app in Embed Watch Content */,
			);
			name = "Embed Watch Content";
			runOnlyForDeploymentPostprocessing = 0;
		};
/* End PBXCopyFilesBuildPhase section */

/* Begin PBXFileReference section */
		DA1AED82243543A2003A8C0B /* COVID-19 Stats.app */ = {isa = PBXFileReference; explicitFileType = wrapper.application; includeInIndex = 0; path = "COVID-19 Stats.app"; sourceTree = BUILT_PRODUCTS_DIR; };
		DA1AED86243543A2003A8C0B /* covid19stats WatchKit App.app */ = {isa = PBXFileReference; explicitFileType = wrapper.application; includeInIndex = 0; path = "covid19stats WatchKit App.app"; sourceTree = BUILT_PRODUCTS_DIR; };
		DA1AED8C243543A2003A8C0B /* Base */ = {isa = PBXFileReference; lastKnownFileType = file.storyboard; name = Base; path = Base.lproj/Interface.storyboard; sourceTree = "<group>"; };
		DA1AED8E243543A5003A8C0B /* Assets.xcassets */ = {isa = PBXFileReference; lastKnownFileType = folder.assetcatalog; path = Assets.xcassets; sourceTree = "<group>"; };
		DA1AED90243543A5003A8C0B /* Info.plist */ = {isa = PBXFileReference; lastKnownFileType = text.plist.xml; path = Info.plist; sourceTree = "<group>"; };
		DA1AED95243543A5003A8C0B /* covid19stats WatchKit Extension.appex */ = {isa = PBXFileReference; explicitFileType = "wrapper.app-extension"; includeInIndex = 0; path = "covid19stats WatchKit Extension.appex"; sourceTree = BUILT_PRODUCTS_DIR; };
		DA1AED9A243543A5003A8C0B /* CountriesListView.swift */ = {isa = PBXFileReference; lastKnownFileType = sourcecode.swift; path = CountriesListView.swift; sourceTree = "<group>"; };
		DA1AED9C243543A5003A8C0B /* HostingController.swift */ = {isa = PBXFileReference; lastKnownFileType = sourcecode.swift; path = HostingController.swift; sourceTree = "<group>"; };
		DA1AED9E243543A5003A8C0B /* ExtensionDelegate.swift */ = {isa = PBXFileReference; lastKnownFileType = sourcecode.swift; path = ExtensionDelegate.swift; sourceTree = "<group>"; };
		DA1AEDA0243543A5003A8C0B /* ComplicationController.swift */ = {isa = PBXFileReference; lastKnownFileType = sourcecode.swift; path = ComplicationController.swift; sourceTree = "<group>"; };
		DA1AEDA2243543A5003A8C0B /* Assets.xcassets */ = {isa = PBXFileReference; lastKnownFileType = folder.assetcatalog; path = Assets.xcassets; sourceTree = "<group>"; };
		DA1AEDA5243543A5003A8C0B /* Preview Assets.xcassets */ = {isa = PBXFileReference; lastKnownFileType = folder.assetcatalog; path = "Preview Assets.xcassets"; sourceTree = "<group>"; };
		DA1AEDA7243543A5003A8C0B /* Info.plist */ = {isa = PBXFileReference; lastKnownFileType = text.plist.xml; path = Info.plist; sourceTree = "<group>"; };
		DA1AEDB7243696D1003A8C0B /* CountriesController.swift */ = {isa = PBXFileReference; lastKnownFileType = sourcecode.swift; path = CountriesController.swift; sourceTree = "<group>"; };
		DA1AEDB924369731003A8C0B /* Country.swift */ = {isa = PBXFileReference; lastKnownFileType = sourcecode.swift; path = Country.swift; sourceTree = "<group>"; };
		DAE5645B2438290C00AE7345 /* AddCountrySheet.swift */ = {isa = PBXFileReference; lastKnownFileType = sourcecode.swift; path = AddCountrySheet.swift; sourceTree = "<group>"; };
		DAE5645D2438293B00AE7345 /* CountryDetailView.swift */ = {isa = PBXFileReference; lastKnownFileType = sourcecode.swift; path = CountryDetailView.swift; sourceTree = "<group>"; };
/* End PBXFileReference section */

/* Begin PBXFrameworksBuildPhase section */
		DA1AED92243543A5003A8C0B /* Frameworks */ = {
			isa = PBXFrameworksBuildPhase;
			buildActionMask = 2147483647;
			files = (
			);
			runOnlyForDeploymentPostprocessing = 0;
		};
/* End PBXFrameworksBuildPhase section */

/* Begin PBXGroup section */
		DA1AED7B243543A2003A8C0B = {
			isa = PBXGroup;
			children = (
				DA1AED8A243543A2003A8C0B /* covid19stats WatchKit App */,
				DA1AED99243543A5003A8C0B /* covid19stats WatchKit Extension */,
				DA1AED83243543A2003A8C0B /* Products */,
			);
			sourceTree = "<group>";
		};
		DA1AED83243543A2003A8C0B /* Products */ = {
			isa = PBXGroup;
			children = (
				DA1AED82243543A2003A8C0B /* COVID-19 Stats.app */,
				DA1AED86243543A2003A8C0B /* covid19stats WatchKit App.app */,
				DA1AED95243543A5003A8C0B /* covid19stats WatchKit Extension.appex */,
			);
			name = Products;
			sourceTree = "<group>";
		};
		DA1AED8A243543A2003A8C0B /* covid19stats WatchKit App */ = {
			isa = PBXGroup;
			children = (
				DA1AED8B243543A2003A8C0B /* Interface.storyboard */,
				DA1AED8E243543A5003A8C0B /* Assets.xcassets */,
				DA1AED90243543A5003A8C0B /* Info.plist */,
			);
			path = "covid19stats WatchKit App";
			sourceTree = "<group>";
		};
		DA1AED99243543A5003A8C0B /* covid19stats WatchKit Extension */ = {
			isa = PBXGroup;
			children = (
				DA1AED9A243543A5003A8C0B /* CountriesListView.swift */,
				DAE5645D2438293B00AE7345 /* CountryDetailView.swift */,
				DAE5645B2438290C00AE7345 /* AddCountrySheet.swift */,
				DA1AEDB7243696D1003A8C0B /* CountriesController.swift */,
				DA1AEDB924369731003A8C0B /* Country.swift */,
				DA1AED9C243543A5003A8C0B /* HostingController.swift */,
				DA1AED9E243543A5003A8C0B /* ExtensionDelegate.swift */,
				DA1AEDA0243543A5003A8C0B /* ComplicationController.swift */,
				DA1AEDA2243543A5003A8C0B /* Assets.xcassets */,
				DA1AEDA7243543A5003A8C0B /* Info.plist */,
				DA1AEDA4243543A5003A8C0B /* Preview Content */,
			);
			path = "covid19stats WatchKit Extension";
			sourceTree = "<group>";
		};
		DA1AEDA4243543A5003A8C0B /* Preview Content */ = {
			isa = PBXGroup;
			children = (
				DA1AEDA5243543A5003A8C0B /* Preview Assets.xcassets */,
			);
			path = "Preview Content";
			sourceTree = "<group>";
		};
/* End PBXGroup section */

/* Begin PBXNativeTarget section */
		DA1AED81243543A2003A8C0B /* covid19stats */ = {
			isa = PBXNativeTarget;
			buildConfigurationList = DA1AEDB2243543A5003A8C0B /* Build configuration list for PBXNativeTarget "covid19stats" */;
			buildPhases = (
				DA1AED80243543A2003A8C0B /* Resources */,
				DA1AEDB1243543A5003A8C0B /* Embed Watch Content */,
			);
			buildRules = (
			);
			dependencies = (
				DA1AED89243543A2003A8C0B /* PBXTargetDependency */,
			);
			name = covid19stats;
			productName = covid19stats;
			productReference = DA1AED82243543A2003A8C0B /* COVID-19 Stats.app */;
			productType = "com.apple.product-type.application.watchapp2-container";
		};
		DA1AED85243543A2003A8C0B /* covid19stats WatchKit App */ = {
			isa = PBXNativeTarget;
			buildConfigurationList = DA1AEDAE243543A5003A8C0B /* Build configuration list for PBXNativeTarget "covid19stats WatchKit App" */;
			buildPhases = (
				DA1AED84243543A2003A8C0B /* Resources */,
				DA1AEDAD243543A5003A8C0B /* Embed App Extensions */,
			);
			buildRules = (
			);
			dependencies = (
				DA1AED98243543A5003A8C0B /* PBXTargetDependency */,
			);
			name = "covid19stats WatchKit App";
			productName = "covid19stats WatchKit App";
			productReference = DA1AED86243543A2003A8C0B /* covid19stats WatchKit App.app */;
			productType = "com.apple.product-type.application.watchapp2";
		};
		DA1AED94243543A5003A8C0B /* covid19stats WatchKit Extension */ = {
			isa = PBXNativeTarget;
			buildConfigurationList = DA1AEDAA243543A5003A8C0B /* Build configuration list for PBXNativeTarget "covid19stats WatchKit Extension" */;
			buildPhases = (
				DA1AED91243543A5003A8C0B /* Sources */,
				DA1AED92243543A5003A8C0B /* Frameworks */,
				DA1AED93243543A5003A8C0B /* Resources */,
			);
			buildRules = (
			);
			dependencies = (
			);
			name = "covid19stats WatchKit Extension";
			productName = "covid19stats WatchKit Extension";
			productReference = DA1AED95243543A5003A8C0B /* covid19stats WatchKit Extension.appex */;
			productType = "com.apple.product-type.watchkit2-extension";
		};
/* End PBXNativeTarget section */

/* Begin PBXProject section */
		DA1AED7C243543A2003A8C0B /* Project object */ = {
			isa = PBXProject;
			attributes = {
				LastSwiftUpdateCheck = 1130;
				LastUpgradeCheck = 1130;
				ORGANIZATIONNAME = "Kyle Jones";
				TargetAttributes = {
					DA1AED81243543A2003A8C0B = {
						CreatedOnToolsVersion = 11.3;
					};
					DA1AED85243543A2003A8C0B = {
						CreatedOnToolsVersion = 11.3;
					};
					DA1AED94243543A5003A8C0B = {
						CreatedOnToolsVersion = 11.3;
					};
				};
			};
			buildConfigurationList = DA1AED7F243543A2003A8C0B /* Build configuration list for PBXProject "covid19stats" */;
			compatibilityVersion = "Xcode 9.3";
			developmentRegion = en;
			hasScannedForEncodings = 0;
			knownRegions = (
				en,
				Base,
			);
			mainGroup = DA1AED7B243543A2003A8C0B;
			productRefGroup = DA1AED83243543A2003A8C0B /* Products */;
			projectDirPath = "";
			projectRoot = "";
			targets = (
				DA1AED81243543A2003A8C0B /* covid19stats */,
				DA1AED85243543A2003A8C0B /* covid19stats WatchKit App */,
				DA1AED94243543A5003A8C0B /* covid19stats WatchKit Extension */,
			);
		};
/* End PBXProject section */

/* Begin PBXResourcesBuildPhase section */
		DA1AED80243543A2003A8C0B /* Resources */ = {
			isa = PBXResourcesBuildPhase;
			buildActionMask = 2147483647;
			files = (
			);
			runOnlyForDeploymentPostprocessing = 0;
		};
		DA1AED84243543A2003A8C0B /* Resources */ = {
			isa = PBXResourcesBuildPhase;
			buildActionMask = 2147483647;
			files = (
				DA1AED8F243543A5003A8C0B /* Assets.xcassets in Resources */,
				DA1AED8D243543A2003A8C0B /* Interface.storyboard in Resources */,
			);
			runOnlyForDeploymentPostprocessing = 0;
		};
		DA1AED93243543A5003A8C0B /* Resources */ = {
			isa = PBXResourcesBuildPhase;
			buildActionMask = 2147483647;
			files = (
				DA1AEDA6243543A5003A8C0B /* Preview Assets.xcassets in Resources */,
				DA1AEDA3243543A5003A8C0B /* Assets.xcassets in Resources */,
			);
			runOnlyForDeploymentPostprocessing = 0;
		};
/* End PBXResourcesBuildPhase section */

/* Begin PBXSourcesBuildPhase section */
		DA1AED91243543A5003A8C0B /* Sources */ = {
			isa = PBXSourcesBuildPhase;
			buildActionMask = 2147483647;
			files = (
				DAE5645C2438290C00AE7345 /* AddCountrySheet.swift in Sources */,
				DA1AEDBA24369731003A8C0B /* Country.swift in Sources */,
				DA1AEDB8243696D1003A8C0B /* CountriesController.swift in Sources */,
				DA1AED9D243543A5003A8C0B /* HostingController.swift in Sources */,
				DAE5645E2438293B00AE7345 /* CountryDetailView.swift in Sources */,
				DA1AEDA1243543A5003A8C0B /* ComplicationController.swift in Sources */,
				DA1AED9B243543A5003A8C0B /* CountriesListView.swift in Sources */,
				DA1AED9F243543A5003A8C0B /* ExtensionDelegate.swift in Sources */,
			);
			runOnlyForDeploymentPostprocessing = 0;
		};
/* End PBXSourcesBuildPhase section */

/* Begin PBXTargetDependency section */
		DA1AED89243543A2003A8C0B /* PBXTargetDependency */ = {
			isa = PBXTargetDependency;
			target = DA1AED85243543A2003A8C0B /* covid19stats WatchKit App */;
			targetProxy = DA1AED88243543A2003A8C0B /* PBXContainerItemProxy */;
		};
		DA1AED98243543A5003A8C0B /* PBXTargetDependency */ = {
			isa = PBXTargetDependency;
			target = DA1AED94243543A5003A8C0B /* covid19stats WatchKit Extension */;
			targetProxy = DA1AED97243543A5003A8C0B /* PBXContainerItemProxy */;
		};
/* End PBXTargetDependency section */

/* Begin PBXVariantGroup section */
		DA1AED8B243543A2003A8C0B /* Interface.storyboard */ = {
			isa = PBXVariantGroup;
			children = (
				DA1AED8C243543A2003A8C0B /* Base */,
			);
			name = Interface.storyboard;
			sourceTree = "<group>";
		};
/* End PBXVariantGroup section */

/* Begin XCBuildConfiguration section */
		DA1AEDA8243543A5003A8C0B /* Debug */ = {
			isa = XCBuildConfiguration;
			buildSettings = {
				ALWAYS_SEARCH_USER_PATHS = NO;
				CLANG_ANALYZER_NONNULL = YES;
				CLANG_ANALYZER_NUMBER_OBJECT_CONVERSION = YES_AGGRESSIVE;
				CLANG_CXX_LANGUAGE_STANDARD = "gnu++14";
				CLANG_CXX_LIBRARY = "libc++";
				CLANG_ENABLE_MODULES = YES;
				CLANG_ENABLE_OBJC_ARC = YES;
				CLANG_ENABLE_OBJC_WEAK = YES;
				CLANG_WARN_BLOCK_CAPTURE_AUTORELEASING = YES;
				CLANG_WARN_BOOL_CONVERSION = YES;
				CLANG_WARN_COMMA = YES;
				CLANG_WARN_CONSTANT_CONVERSION = YES;
				CLANG_WARN_DEPRECATED_OBJC_IMPLEMENTATIONS = YES;
				CLANG_WARN_DIRECT_OBJC_ISA_USAGE = YES_ERROR;
				CLANG_WARN_DOCUMENTATION_COMMENTS = YES;
				CLANG_WARN_EMPTY_BODY = YES;
				CLANG_WARN_ENUM_CONVERSION = YES;
				CLANG_WARN_INFINITE_RECURSION = YES;
				CLANG_WARN_INT_CONVERSION = YES;
				CLANG_WARN_NON_LITERAL_NULL_CONVERSION = YES;
				CLANG_WARN_OBJC_IMPLICIT_RETAIN_SELF = YES;
				CLANG_WARN_OBJC_LITERAL_CONVERSION = YES;
				CLANG_WARN_OBJC_ROOT_CLASS = YES_ERROR;
				CLANG_WARN_RANGE_LOOP_ANALYSIS = YES;
				CLANG_WARN_STRICT_PROTOTYPES = YES;
				CLANG_WARN_SUSPICIOUS_MOVE = YES;
				CLANG_WARN_UNGUARDED_AVAILABILITY = YES_AGGRESSIVE;
				CLANG_WARN_UNREACHABLE_CODE = YES;
				CLANG_WARN__DUPLICATE_METHOD_MATCH = YES;
				COPY_PHASE_STRIP = NO;
				DEBUG_INFORMATION_FORMAT = dwarf;
				ENABLE_STRICT_OBJC_MSGSEND = YES;
				ENABLE_TESTABILITY = YES;
				GCC_C_LANGUAGE_STANDARD = gnu11;
				GCC_DYNAMIC_NO_PIC = NO;
				GCC_NO_COMMON_BLOCKS = YES;
				GCC_OPTIMIZATION_LEVEL = 0;
				GCC_PREPROCESSOR_DEFINITIONS = (
					"DEBUG=1",
					"$(inherited)",
				);
				GCC_WARN_64_TO_32_BIT_CONVERSION = YES;
				GCC_WARN_ABOUT_RETURN_TYPE = YES_ERROR;
				GCC_WARN_UNDECLARED_SELECTOR = YES;
				GCC_WARN_UNINITIALIZED_AUTOS = YES_AGGRESSIVE;
				GCC_WARN_UNUSED_FUNCTION = YES;
				GCC_WARN_UNUSED_VARIABLE = YES;
				MTL_ENABLE_DEBUG_INFO = INCLUDE_SOURCE;
				MTL_FAST_MATH = YES;
				ONLY_ACTIVE_ARCH = YES;
				SDKROOT = iphoneos;
				SWIFT_ACTIVE_COMPILATION_CONDITIONS = DEBUG;
				SWIFT_OPTIMIZATION_LEVEL = "-Onone";
			};
			name = Debug;
		};
		DA1AEDA9243543A5003A8C0B /* Release */ = {
			isa = XCBuildConfiguration;
			buildSettings = {
				ALWAYS_SEARCH_USER_PATHS = NO;
				CLANG_ANALYZER_NONNULL = YES;
				CLANG_ANALYZER_NUMBER_OBJECT_CONVERSION = YES_AGGRESSIVE;
				CLANG_CXX_LANGUAGE_STANDARD = "gnu++14";
				CLANG_CXX_LIBRARY = "libc++";
				CLANG_ENABLE_MODULES = YES;
				CLANG_ENABLE_OBJC_ARC = YES;
				CLANG_ENABLE_OBJC_WEAK = YES;
				CLANG_WARN_BLOCK_CAPTURE_AUTORELEASING = YES;
				CLANG_WARN_BOOL_CONVERSION = YES;
				CLANG_WARN_COMMA = YES;
				CLANG_WARN_CONSTANT_CONVERSION = YES;
				CLANG_WARN_DEPRECATED_OBJC_IMPLEMENTATIONS = YES;
				CLANG_WARN_DIRECT_OBJC_ISA_USAGE = YES_ERROR;
				CLANG_WARN_DOCUMENTATION_COMMENTS = YES;
				CLANG_WARN_EMPTY_BODY = YES;
				CLANG_WARN_ENUM_CONVERSION = YES;
				CLANG_WARN_INFINITE_RECURSION = YES;
				CLANG_WARN_INT_CONVERSION = YES;
				CLANG_WARN_NON_LITERAL_NULL_CONVERSION = YES;
				CLANG_WARN_OBJC_IMPLICIT_RETAIN_SELF = YES;
				CLANG_WARN_OBJC_LITERAL_CONVERSION = YES;
				CLANG_WARN_OBJC_ROOT_CLASS = YES_ERROR;
				CLANG_WARN_RANGE_LOOP_ANALYSIS = YES;
				CLANG_WARN_STRICT_PROTOTYPES = YES;
				CLANG_WARN_SUSPICIOUS_MOVE = YES;
				CLANG_WARN_UNGUARDED_AVAILABILITY = YES_AGGRESSIVE;
				CLANG_WARN_UNREACHABLE_CODE = YES;
				CLANG_WARN__DUPLICATE_METHOD_MATCH = YES;
				COPY_PHASE_STRIP = NO;
				DEBUG_INFORMATION_FORMAT = "dwarf-with-dsym";
				ENABLE_NS_ASSERTIONS = NO;
				ENABLE_STRICT_OBJC_MSGSEND = YES;
				GCC_C_LANGUAGE_STANDARD = gnu11;
				GCC_NO_COMMON_BLOCKS = YES;
				GCC_WARN_64_TO_32_BIT_CONVERSION = YES;
				GCC_WARN_ABOUT_RETURN_TYPE = YES_ERROR;
				GCC_WARN_UNDECLARED_SELECTOR = YES;
				GCC_WARN_UNINITIALIZED_AUTOS = YES_AGGRESSIVE;
				GCC_WARN_UNUSED_FUNCTION = YES;
				GCC_WARN_UNUSED_VARIABLE = YES;
				MTL_ENABLE_DEBUG_INFO = NO;
				MTL_FAST_MATH = YES;
				SDKROOT = iphoneos;
				SWIFT_COMPILATION_MODE = wholemodule;
				SWIFT_OPTIMIZATION_LEVEL = "-O";
				VALIDATE_PRODUCT = YES;
			};
			name = Release;
		};
		DA1AEDAB243543A5003A8C0B /* Debug */ = {
			isa = XCBuildConfiguration;
			buildSettings = {
				ASSETCATALOG_COMPILER_COMPLICATION_NAME = Complication;
				CODE_SIGN_STYLE = Automatic;
				DEVELOPMENT_ASSET_PATHS = "\"covid19stats WatchKit Extension/Preview Content\"";
				DEVELOPMENT_TEAM = 25DUYVKN98;
				ENABLE_PREVIEWS = YES;
				INFOPLIST_FILE = "covid19stats WatchKit Extension/Info.plist";
				LD_RUNPATH_SEARCH_PATHS = (
					"$(inherited)",
					"@executable_path/Frameworks",
					"@executable_path/../../Frameworks",
				);
				PRODUCT_BUNDLE_IDENTIFIER = com.KyleJones.covid19stats.watchkitapp.watchkitextension;
				PRODUCT_NAME = "${TARGET_NAME}";
				SDKROOT = watchos;
				SKIP_INSTALL = YES;
				SWIFT_VERSION = 5.0;
				TARGETED_DEVICE_FAMILY = 4;
				WATCHOS_DEPLOYMENT_TARGET = 6.1;
			};
			name = Debug;
		};
		DA1AEDAC243543A5003A8C0B /* Release */ = {
			isa = XCBuildConfiguration;
			buildSettings = {
				ASSETCATALOG_COMPILER_COMPLICATION_NAME = Complication;
				CODE_SIGN_STYLE = Automatic;
				DEVELOPMENT_ASSET_PATHS = "\"covid19stats WatchKit Extension/Preview Content\"";
				DEVELOPMENT_TEAM = 25DUYVKN98;
				ENABLE_PREVIEWS = YES;
				INFOPLIST_FILE = "covid19stats WatchKit Extension/Info.plist";
				LD_RUNPATH_SEARCH_PATHS = (
					"$(inherited)",
					"@executable_path/Frameworks",
					"@executable_path/../../Frameworks",
				);
				PRODUCT_BUNDLE_IDENTIFIER = com.KyleJones.covid19stats.watchkitapp.watchkitextension;
				PRODUCT_NAME = "${TARGET_NAME}";
				SDKROOT = watchos;
				SKIP_INSTALL = YES;
				SWIFT_VERSION = 5.0;
				TARGETED_DEVICE_FAMILY = 4;
				WATCHOS_DEPLOYMENT_TARGET = 6.1;
			};
			name = Release;
		};
		DA1AEDAF243543A5003A8C0B /* Debug */ = {
			isa = XCBuildConfiguration;
			buildSettings = {
				ALWAYS_EMBED_SWIFT_STANDARD_LIBRARIES = YES;
				ASSETCATALOG_COMPILER_APPICON_NAME = AppIcon;
				CODE_SIGN_STYLE = Automatic;
				DEVELOPMENT_TEAM = 25DUYVKN98;
				IBSC_MODULE = covid19stats_WatchKit_Extension;
				INFOPLIST_FILE = "covid19stats WatchKit App/Info.plist";
				PRODUCT_BUNDLE_IDENTIFIER = com.KyleJones.covid19stats.watchkitapp;
				PRODUCT_NAME = "$(TARGET_NAME)";
				SDKROOT = watchos;
				SKIP_INSTALL = YES;
				SWIFT_VERSION = 5.0;
				TARGETED_DEVICE_FAMILY = 4;
				WATCHOS_DEPLOYMENT_TARGET = 6.1;
			};
			name = Debug;
		};
		DA1AEDB0243543A5003A8C0B /* Release */ = {
			isa = XCBuildConfiguration;
			buildSettings = {
				ALWAYS_EMBED_SWIFT_STANDARD_LIBRARIES = YES;
				ASSETCATALOG_COMPILER_APPICON_NAME = AppIcon;
				CODE_SIGN_STYLE = Automatic;
				DEVELOPMENT_TEAM = 25DUYVKN98;
				IBSC_MODULE = covid19stats_WatchKit_Extension;
				INFOPLIST_FILE = "covid19stats WatchKit App/Info.plist";
				PRODUCT_BUNDLE_IDENTIFIER = com.KyleJones.covid19stats.watchkitapp;
				PRODUCT_NAME = "$(TARGET_NAME)";
				SDKROOT = watchos;
				SKIP_INSTALL = YES;
				SWIFT_VERSION = 5.0;
				TARGETED_DEVICE_FAMILY = 4;
				WATCHOS_DEPLOYMENT_TARGET = 6.1;
			};
			name = Release;
		};
		DA1AEDB3243543A5003A8C0B /* Debug */ = {
			isa = XCBuildConfiguration;
			buildSettings = {
				CODE_SIGN_STYLE = Automatic;
				CURRENT_PROJECT_VERSION = 1;
				DEVELOPMENT_TEAM = 25DUYVKN98;
				MARKETING_VERSION = 1.0;
				PRODUCT_BUNDLE_IDENTIFIER = com.KyleJones.covid19stats;
				PRODUCT_NAME = "COVID-19 Stats";
				SWIFT_VERSION = 5.0;
			};
			name = Debug;
		};
		DA1AEDB4243543A5003A8C0B /* Release */ = {
			isa = XCBuildConfiguration;
			buildSettings = {
				CODE_SIGN_STYLE = Automatic;
				CURRENT_PROJECT_VERSION = 1;
				DEVELOPMENT_TEAM = 25DUYVKN98;
				MARKETING_VERSION = 1.0;
				PRODUCT_BUNDLE_IDENTIFIER = com.KyleJones.covid19stats;
				PRODUCT_NAME = "COVID-19 Stats";
				SWIFT_VERSION = 5.0;
			};
			name = Release;
		};
/* End XCBuildConfiguration section */

/* Begin XCConfigurationList section */
		DA1AED7F243543A2003A8C0B /* Build configuration list for PBXProject "covid19stats" */ = {
			isa = XCConfigurationList;
			buildConfigurations = (
				DA1AEDA8243543A5003A8C0B /* Debug */,
				DA1AEDA9243543A5003A8C0B /* Release */,
			);
			defaultConfigurationIsVisible = 0;
			defaultConfigurationName = Release;
		};
		DA1AEDAA243543A5003A8C0B /* Build configuration list for PBXNativeTarget "covid19stats WatchKit Extension" */ = {
			isa = XCConfigurationList;
			buildConfigurations = (
				DA1AEDAB243543A5003A8C0B /* Debug */,
				DA1AEDAC243543A5003A8C0B /* Release */,
			);
			defaultConfigurationIsVisible = 0;
			defaultConfigurationName = Release;
		};
		DA1AEDAE243543A5003A8C0B /* Build configuration list for PBXNativeTarget "covid19stats WatchKit App" */ = {
			isa = XCConfigurationList;
			buildConfigurations = (
				DA1AEDAF243543A5003A8C0B /* Debug */,
				DA1AEDB0243543A5003A8C0B /* Release */,
			);
			defaultConfigurationIsVisible = 0;
			defaultConfigurationName = Release;
		};
		DA1AEDB2243543A5003A8C0B /* Build configuration list for PBXNativeTarget "covid19stats" */ = {
			isa = XCConfigurationList;
			buildConfigurations = (
				DA1AEDB3243543A5003A8C0B /* Debug */,
				DA1AEDB4243543A5003A8C0B /* Release */,
			);
			defaultConfigurationIsVisible = 0;
			defaultConfigurationName = Release;
		};
/* End XCConfigurationList section */
	};
	rootObject = DA1AED7C243543A2003A8C0B /* Project object */;
}
